
Microsoft Visual Studio Solution File, Format Version 12.00
# Visual Studio Version 16
VisualStudioVersion = 16.0.31205.134
MinimumVisualStudioVersion = 10.0.40219.1
Project("{FAE04EC0-301F-11D3-BF4B-00C04F79EFBC}") = "ClassLibrary1", "ClassLibrary1\ClassLibrary1.csproj", "{F02B447F-7785-407D-9C9B-9AC1897881EA}"
EndProject
Project("{FAE04EC0-301F-11D3-BF4B-00C04F79EFBC}") = "handson2", "handson2\handson2.csproj", "{61BF5BFD-7428-4654-B979-3C9D3B2D6B67}"
EndProject
Global
	GlobalSection(SolutionConfigurationPlatforms) = preSolution
		Debug|Any CPU = Debug|Any CPU
		Release|Any CPU = Release|Any CPU
	EndGlobalSection
	GlobalSection(ProjectConfigurationPlatforms) = postSolution
		{F02B447F-7785-407D-9C9B-9AC1897881EA}.Debug|Any CPU.ActiveCfg = Debug|Any CPU
		{F02B447F-7785-407D-9C9B-9AC1897881EA}.Debug|Any CPU.Build.0 = Debug|Any CPU
		{F02B447F-7785-407D-9C9B-9AC1897881EA}.Release|Any CPU.ActiveCfg = Release|Any CPU
		{F02B447F-7785-407D-9C9B-9AC1897881EA}.Release|Any CPU.Build.0 = Release|Any CPU
		{61BF5BFD-7428-4654-B979-3C9D3B2D6B67}.Debug|Any CPU.ActiveCfg = Debug|Any CPU
		{61BF5BFD-7428-4654-B979-3C9D3B2D6B67}.Debug|Any CPU.Build.0 = Debug|Any CPU
		{61BF5BFD-7428-4654-B979-3C9D3B2D6B67}.Release|Any CPU.ActiveCfg = Release|Any CPU
		{61BF5BFD-7428-4654-B979-3C9D3B2D6B67}.Release|Any CPU.Build.0 = Release|Any CPU
	EndGlobalSection
	GlobalSection(SolutionProperties) = preSolution
		HideSolutionNode = FALSE
	EndGlobalSection
	GlobalSection(ExtensibilityGlobals) = postSolution
		SolutionGuid = {DE8EF3D0-9D74-46F8-AD9B-2F217F443862}
	EndGlobalSection
EndGlobal
